PODS:
  - Alamofire (5.5.0)
  - iProov (9.4.0):
    - Socket.IO-Client-Swift (~> 16.0)
  - iProovAPIClient (1.1.0):
    - Alamofire (~> 5.0)
  - MBProgressHUD (1.2.0)
  - Socket.IO-Client-Swift (16.0.1):
    - Starscream (~> 4.0)
  - Starscream (4.0.4)

DEPENDENCIES:
  - iProov (from `../`)
  - iProovAPIClient (from `../iProovAPIClient`)
  - MBProgressHUD

SPEC REPOS:
  trunk:
    - Alamofire
    - MBProgressHUD
    - Socket.IO-Client-Swift
    - Starscream

EXTERNAL SOURCES:
  iProov:
    :path: "../"
  iProovAPIClient:
    :path: "../iProovAPIClient"

SPEC CHECKSUMS:
  Alamofire: 1c4fb5369c3fe93d2857c780d8bbe09f06f97e7c
  iProov: 09094d809e131cbf59662ffdd788a3c156ca393d
  iProovAPIClient: cc04cde83fd59680f7df5af90b8332b375611bd5
  MBProgressHUD: 3ee5efcc380f6a79a7cc9b363dd669c5e1ae7406
  Socket.IO-Client-Swift: c116d6dc9fd6be9c259bacfe143f8725bce7d79e
  Starscream: 5178aed56b316f13fa3bc55694e583d35dd414d9

PODFILE CHECKSUM: 66730f4205d27ac7bd63566558a3a747cefbc167

COCOAPODS: 1.11.3
