PODS:
  - Alamofire (5.4.3)
  - iProov (9.1.0):
    - Socket.IO-Client-Swift (~> 16.0)
  - iProovAPIClient (1.0.0):
    - Alamofire (~> 5.0)
  - MBProgressHUD (1.2.0)
  - Socket.IO-Client-Swift (16.0.1):
    - Starscream (~> 4.0)
  - Starscream (4.0.4)

DEPENDENCIES:
  - iProov (from `../`)
  - iProovAPIClient (from `https://github.com/iProov/ios-api-client.git`)
  - MBProgressHUD

SPEC REPOS:
  trunk:
    - Alamofire
    - MBProgressHUD
    - Socket.IO-Client-Swift
    - Starscream

EXTERNAL SOURCES:
  iProov:
    :path: "../"
  iProovAPIClient:
    :git: https://github.com/iProov/ios-api-client.git

CHECKOUT OPTIONS:
  iProovAPIClient:
    :commit: 9cf62d6a9655cca4dd7eb8cec4159b4a25133099
    :git: https://github.com/iProov/ios-api-client.git

SPEC CHECKSUMS:
  Alamofire: e447a2774a40c996748296fa2c55112fdbbc42f9
  iProov: aa2bf3acd526d9545c649e3de1a3bf2ee535c4dc
  iProovAPIClient: d0246a5a46e48c7f0f9f61f6606b92de7faa3959
  MBProgressHUD: 3ee5efcc380f6a79a7cc9b363dd669c5e1ae7406
  Socket.IO-Client-Swift: c116d6dc9fd6be9c259bacfe143f8725bce7d79e
  Starscream: 5178aed56b316f13fa3bc55694e583d35dd414d9

PODFILE CHECKSUM: 39da1444dfba6fa4a1792b0aceedd179eef46153

COCOAPODS: 1.11.2
