PODS:
  - Alamofire (5.6.4)
  - iProov (10.3.2)
  - iProovAPIClient (1.2.0):
    - Alamofire (~> 5.0)
  - MBProgressHUD (1.2.0)

DEPENDENCIES:
  - iProov (from `../`)
  - iProovAPIClient (from `../`)
  - MBProgressHUD

SPEC REPOS:
  trunk:
    - Alamofire
    - MBProgressHUD

EXTERNAL SOURCES:
  iProov:
    :path: "../"
  iProovAPIClient:
    :path: "../"

SPEC CHECKSUMS:
  Alamofire: 4e95d97098eacb88856099c4fc79b526a299e48c
  iProov: 2d6e5cecdd2085e270fb61e203c70d9b76e904ac
  iProovAPIClient: c7a00f138fa765c23a0cd7bd09f30fbe8710116c
  MBProgressHUD: 3ee5efcc380f6a79a7cc9b363dd669c5e1ae7406

PODFILE CHECKSUM: 2e80611b4af0f47933421b49e10eb9662049b4cd

COCOAPODS: 1.13.0
