PODS:
  - Alamofire (4.8.2)
  - Alamofire-SwiftyJSON (3.0.0):
    - Alamofire (~> 4.5)
    - SwiftyJSON (~> 4.0.0)
  - iProov (7.2.0):
    - KeychainAccess (~> 3.2.0)
    - Socket.IO-Client-Swift (~> 15.1.0)
    - SwiftyJSON (~> 4.0.0)
  - KeychainAccess (3.2.0)
  - MBProgressHUD (1.1.0)
  - Socket.IO-Client-Swift (15.1.0):
    - Starscream (~> 3.1)
  - Starscream (3.1.0)
  - SwiftyJSON (4.0.0)

DEPENDENCIES:
  - Alamofire (~> 4.0)
  - Alamofire-SwiftyJSON (~> 3.0)
  - iProov (from `../`)
  - MBProgressHUD

SPEC REPOS:
  https://github.com/CocoaPods/Specs.git:
    - Alamofire
    - Alamofire-SwiftyJSON
    - KeychainAccess
    - MBProgressHUD
    - Socket.IO-Client-Swift
    - Starscream
    - SwiftyJSON

EXTERNAL SOURCES:
  iProov:
    :path: "../"

SPEC CHECKSUMS:
  Alamofire: ae5c501addb7afdbb13687d7f2f722c78734c2d3
  Alamofire-SwiftyJSON: 2b3649d57dc7bb2880fb8b86f8bb969397666916
  iProov: 1070c8136587ab35d1114e59a736cca1c4662dae
  KeychainAccess: 3b1bf8a77eb4c6ea1ce9404c292e48f948954c6b
  MBProgressHUD: e7baa36a220447d8aeb12769bf0585582f3866d9
  Socket.IO-Client-Swift: 7cb44c0ffb86e158cee32d0642d30ec5fdcf8f61
  Starscream: 08172b481e145289c4930cb567230fb55897cfa4
  SwiftyJSON: 070dabdcb1beb81b247c65ffa3a79dbbfb3b48aa

PODFILE CHECKSUM: 1710baf2e28b49bbaa247e87f13f29ed3e4302bc

COCOAPODS: 1.8.4
